
Microsoft Visual Studio Solution File, Format Version 12.00
# Visual Studio Version 17
VisualStudioVersion = 17.8.34330.188
MinimumVisualStudioVersion = 10.0.40219.1
Project("{8BC9CEB8-8B4A-11D0-8D11-00A0C91BC942}") = "What's Cryptanalysis", "What's Cryptanalysis\What's Cryptanalysis.vcxproj", "{B9B2F429-5338-4BFF-A59A-0CE6F907F5AE}"
EndProject
Global
	GlobalSection(SolutionConfigurationPlatforms) = preSolution
		Debug|x64 = Debug|x64
		Debug|x86 = Debug|x86
		Release|x64 = Release|x64
		Release|x86 = Release|x86
	EndGlobalSection
	GlobalSection(ProjectConfigurationPlatforms) = postSolution
		{B9B2F429-5338-4BFF-A59A-0CE6F907F5AE}.Debug|x64.ActiveCfg = Debug|x64
		{B9B2F429-5338-4BFF-A59A-0CE6F907F5AE}.Debug|x64.Build.0 = Debug|x64
		{B9B2F429-5338-4BFF-A59A-0CE6F907F5AE}.Debug|x86.ActiveCfg = Debug|Win32
		{B9B2F429-5338-4BFF-A59A-0CE6F907F5AE}.Debug|x86.Build.0 = Debug|Win32
		{B9B2F429-5338-4BFF-A59A-0CE6F907F5AE}.Release|x64.ActiveCfg = Release|x64
		{B9B2F429-5338-4BFF-A59A-0CE6F907F5AE}.Release|x64.Build.0 = Release|x64
		{B9B2F429-5338-4BFF-A59A-0CE6F907F5AE}.Release|x86.ActiveCfg = Release|Win32
		{B9B2F429-5338-4BFF-A59A-0CE6F907F5AE}.Release|x86.Build.0 = Release|Win32
	EndGlobalSection
	GlobalSection(SolutionProperties) = preSolution
		HideSolutionNode = FALSE
	EndGlobalSection
	GlobalSection(ExtensibilityGlobals) = postSolution
		SolutionGuid = {4A637641-F851-495E-9210-55656D44BE80}
	EndGlobalSection
EndGlobal
